
Microsoft Visual Studio Solution File, Format Version 12.00
# Visual Studio Version 17
VisualStudioVersion = 17.8.34330.188
MinimumVisualStudioVersion = 10.0.40219.1
Project("{9A19103F-16F7-4668-BE54-9A1E7A4F7556}") = "AADataLayerPackage", "AADataLayerPackage\AADataLayerPackage.csproj", "{FE305C9F-369E-4FC5-8525-C9AE06B16B0F}"
EndProject
Project("{FAE04EC0-301F-11D3-BF4B-00C04F79EFBC}") = "AaDataLayerTest48", "AaDataLayerTest48\AaDataLayerTest48.csproj", "{66776D22-1CB7-40EF-B62E-80D1F23DCB73}"
EndProject
Project("{FAE04EC0-301F-11D3-BF4B-00C04F79EFBC}") = "AaDataLayertest", "AaDataLayertest\AaDataLayertest.csproj", "{B062F16B-8BBC-4EF5-AB93-AEBBD2D7FCA6}"
EndProject
Global
	GlobalSection(SolutionConfigurationPlatforms) = preSolution
		Debug|Any CPU = Debug|Any CPU
		Release|Any CPU = Release|Any CPU
	EndGlobalSection
	GlobalSection(ProjectConfigurationPlatforms) = postSolution
		{FE305C9F-369E-4FC5-8525-C9AE06B16B0F}.Debug|Any CPU.ActiveCfg = Debug|Any CPU
		{FE305C9F-369E-4FC5-8525-C9AE06B16B0F}.Debug|Any CPU.Build.0 = Debug|Any CPU
		{FE305C9F-369E-4FC5-8525-C9AE06B16B0F}.Release|Any CPU.ActiveCfg = Release|Any CPU
		{FE305C9F-369E-4FC5-8525-C9AE06B16B0F}.Release|Any CPU.Build.0 = Release|Any CPU
		{66776D22-1CB7-40EF-B62E-80D1F23DCB73}.Debug|Any CPU.ActiveCfg = Debug|Any CPU
		{66776D22-1CB7-40EF-B62E-80D1F23DCB73}.Debug|Any CPU.Build.0 = Debug|Any CPU
		{66776D22-1CB7-40EF-B62E-80D1F23DCB73}.Release|Any CPU.ActiveCfg = Release|Any CPU
		{66776D22-1CB7-40EF-B62E-80D1F23DCB73}.Release|Any CPU.Build.0 = Release|Any CPU
		{B062F16B-8BBC-4EF5-AB93-AEBBD2D7FCA6}.Debug|Any CPU.ActiveCfg = Debug|Any CPU
		{B062F16B-8BBC-4EF5-AB93-AEBBD2D7FCA6}.Debug|Any CPU.Build.0 = Debug|Any CPU
		{B062F16B-8BBC-4EF5-AB93-AEBBD2D7FCA6}.Release|Any CPU.ActiveCfg = Release|Any CPU
		{B062F16B-8BBC-4EF5-AB93-AEBBD2D7FCA6}.Release|Any CPU.Build.0 = Release|Any CPU
	EndGlobalSection
	GlobalSection(SolutionProperties) = preSolution
		HideSolutionNode = FALSE
	EndGlobalSection
	GlobalSection(ExtensibilityGlobals) = postSolution
		SolutionGuid = {7AA3E893-5084-4F31-AF31-23530F2495F3}
	EndGlobalSection
EndGlobal
